// !$*UTF8*$!
{
	archiveVersion = 1;
	classes = {
	};
	objectVersion = 56;
	objects = {

/* Begin PBXBuildFile section */
		DD0D44F82933D7C200F24C6D /* AppDelegate.swift in Sources */ = {isa = PBXBuildFile; fileRef = DD0D44F72933D7C200F24C6D /* AppDelegate.swift */; };
		DD0D44FA2933D7C200F24C6D /* SceneDelegate.swift in Sources */ = {isa = PBXBuildFile; fileRef = DD0D44F92933D7C200F24C6D /* SceneDelegate.swift */; };
		DD0D44FC2933D7C200F24C6D /* MainViewController.swift in Sources */ = {isa = PBXBuildFile; fileRef = DD0D44FB2933D7C200F24C6D /* MainViewController.swift */; };
		DD0D44FF2933D7C200F24C6D /* Main.storyboard in Resources */ = {isa = PBXBuildFile; fileRef = DD0D44FD2933D7C200F24C6D /* Main.storyboard */; };
		DD0D45012933D7C400F24C6D /* Assets.xcassets in Resources */ = {isa = PBXBuildFile; fileRef = DD0D45002933D7C400F24C6D /* Assets.xcassets */; };
		DD0D45042933D7C400F24C6D /* LaunchScreen.storyboard in Resources */ = {isa = PBXBuildFile; fileRef = DD0D45022933D7C400F24C6D /* LaunchScreen.storyboard */; };
		DD0D450F2933D7C400F24C6D /* restaurant_listTests.swift in Sources */ = {isa = PBXBuildFile; fileRef = DD0D450E2933D7C400F24C6D /* restaurant_listTests.swift */; };
		DD0D452E2933D8F300F24C6D /* Restaurant.swift in Sources */ = {isa = PBXBuildFile; fileRef = DD0D452D2933D8F300F24C6D /* Restaurant.swift */; };
		DD0D45302933F9B600F24C6D /* MainNavigationViewController.swift in Sources */ = {isa = PBXBuildFile; fileRef = DD0D452F2933F9B600F24C6D /* MainNavigationViewController.swift */; };
		DD0D45322933FAAF00F24C6D /* MainViewControllerPresenter.swift in Sources */ = {isa = PBXBuildFile; fileRef = DD0D45312933FAAF00F24C6D /* MainViewControllerPresenter.swift */; };
		DD0D45352933FEC400F24C6D /* WebServices.swift in Sources */ = {isa = PBXBuildFile; fileRef = DD0D45342933FEC400F24C6D /* WebServices.swift */; };
		DD0D45382934018200F24C6D /* Identificable.swift in Sources */ = {isa = PBXBuildFile; fileRef = DD0D45372934018100F24C6D /* Identificable.swift */; };
		DD6E19342935163800D23100 /* Localizable.strings in Resources */ = {isa = PBXBuildFile; fileRef = DD6E19362935163800D23100 /* Localizable.strings */; };
		DD6E193B2935169300D23100 /* StringExtension.swift in Sources */ = {isa = PBXBuildFile; fileRef = DD6E193A2935169300D23100 /* StringExtension.swift */; };
		DD6E19412935182500D23100 /* Model.xcdatamodeld in Sources */ = {isa = PBXBuildFile; fileRef = DD6E193F2935182500D23100 /* Model.xcdatamodeld */; };
		DD6E1943293518EE00D23100 /* CoreDataHelper.swift in Sources */ = {isa = PBXBuildFile; fileRef = DD6E1942293518EE00D23100 /* CoreDataHelper.swift */; };
		DD6E19452935190700D23100 /* Constants.swift in Sources */ = {isa = PBXBuildFile; fileRef = DD6E19442935190700D23100 /* Constants.swift */; };
		DD6E19472935506800D23100 /* MainViewControllerPresenterTests.swift in Sources */ = {isa = PBXBuildFile; fileRef = DD6E19462935506800D23100 /* MainViewControllerPresenterTests.swift */; };
		DD6E19492935568500D23100 /* MainViewControllerTests.swift in Sources */ = {isa = PBXBuildFile; fileRef = DD6E19482935568500D23100 /* MainViewControllerTests.swift */; };
		DD6E194B29355CAD00D23100 /* MainTableViewCellTests.swift in Sources */ = {isa = PBXBuildFile; fileRef = DD6E194A29355CAD00D23100 /* MainTableViewCellTests.swift */; };
		DDFC5E1429340B7400F4B8D3 /* MainTableViewCell.swift in Sources */ = {isa = PBXBuildFile; fileRef = DDFC5E1329340B7400F4B8D3 /* MainTableViewCell.swift */; };
		DDFC5E162934253B00F4B8D3 /* UIImageViewExtension.swift in Sources */ = {isa = PBXBuildFile; fileRef = DDFC5E152934253B00F4B8D3 /* UIImageViewExtension.swift */; };
/* End PBXBuildFile section */

/* Begin PBXContainerItemProxy section */
		DD0D450B2933D7C400F24C6D /* PBXContainerItemProxy */ = {
			isa = PBXContainerItemProxy;
			containerPortal = DD0D44EC2933D7C200F24C6D /* Project object */;
			proxyType = 1;
			remoteGlobalIDString = DD0D44F32933D7C200F24C6D;
			remoteInfo = "restaurant-list";
		};
/* End PBXContainerItemProxy section */

/* Begin PBXFileReference section */
		DD0D44F42933D7C200F24C6D /* restaurant-list.app */ = {isa = PBXFileReference; explicitFileType = wrapper.application; includeInIndex = 0; path = "restaurant-list.app"; sourceTree = BUILT_PRODUCTS_DIR; };
		DD0D44F72933D7C200F24C6D /* AppDelegate.swift */ = {isa = PBXFileReference; lastKnownFileType = sourcecode.swift; path = AppDelegate.swift; sourceTree = "<group>"; };
		DD0D44F92933D7C200F24C6D /* SceneDelegate.swift */ = {isa = PBXFileReference; lastKnownFileType = sourcecode.swift; path = SceneDelegate.swift; sourceTree = "<group>"; };
		DD0D44FB2933D7C200F24C6D /* MainViewController.swift */ = {isa = PBXFileReference; lastKnownFileType = sourcecode.swift; path = MainViewController.swift; sourceTree = "<group>"; };
		DD0D44FE2933D7C200F24C6D /* Base */ = {isa = PBXFileReference; lastKnownFileType = file.storyboard; name = Base; path = Base.lproj/Main.storyboard; sourceTree = "<group>"; };
		DD0D45002933D7C400F24C6D /* Assets.xcassets */ = {isa = PBXFileReference; lastKnownFileType = folder.assetcatalog; path = Assets.xcassets; sourceTree = "<group>"; };
		DD0D45032933D7C400F24C6D /* Base */ = {isa = PBXFileReference; lastKnownFileType = file.storyboard; name = Base; path = Base.lproj/LaunchScreen.storyboard; sourceTree = "<group>"; };
		DD0D45052933D7C400F24C6D /* Info.plist */ = {isa = PBXFileReference; lastKnownFileType = text.plist.xml; path = Info.plist; sourceTree = "<group>"; };
		DD0D450A2933D7C400F24C6D /* restaurant-listTests.xctest */ = {isa = PBXFileReference; explicitFileType = wrapper.cfbundle; includeInIndex = 0; path = "restaurant-listTests.xctest"; sourceTree = BUILT_PRODUCTS_DIR; };
		DD0D450E2933D7C400F24C6D /* restaurant_listTests.swift */ = {isa = PBXFileReference; lastKnownFileType = sourcecode.swift; path = restaurant_listTests.swift; sourceTree = "<group>"; };
		DD0D452D2933D8F300F24C6D /* Restaurant.swift */ = {isa = PBXFileReference; lastKnownFileType = sourcecode.swift; path = Restaurant.swift; sourceTree = "<group>"; };
		DD0D452F2933F9B600F24C6D /* MainNavigationViewController.swift */ = {isa = PBXFileReference; lastKnownFileType = sourcecode.swift; path = MainNavigationViewController.swift; sourceTree = "<group>"; };
		DD0D45312933FAAF00F24C6D /* MainViewControllerPresenter.swift */ = {isa = PBXFileReference; lastKnownFileType = sourcecode.swift; path = MainViewControllerPresenter.swift; sourceTree = "<group>"; };
		DD0D45342933FEC400F24C6D /* WebServices.swift */ = {isa = PBXFileReference; lastKnownFileType = sourcecode.swift; path = WebServices.swift; sourceTree = "<group>"; };
		DD0D45372934018100F24C6D /* Identificable.swift */ = {isa = PBXFileReference; lastKnownFileType = sourcecode.swift; path = Identificable.swift; sourceTree = "<group>"; };
		DD6E19352935163800D23100 /* en */ = {isa = PBXFileReference; lastKnownFileType = text.plist.strings; name = en; path = en.lproj/Localizable.strings; sourceTree = "<group>"; };
		DD6E19372935164A00D23100 /* es */ = {isa = PBXFileReference; lastKnownFileType = text.plist.strings; name = es; path = es.lproj/Main.strings; sourceTree = "<group>"; };
		DD6E19382935164A00D23100 /* es */ = {isa = PBXFileReference; lastKnownFileType = text.plist.strings; name = es; path = es.lproj/LaunchScreen.strings; sourceTree = "<group>"; };
		DD6E19392935164A00D23100 /* es */ = {isa = PBXFileReference; lastKnownFileType = text.plist.strings; name = es; path = es.lproj/Localizable.strings; sourceTree = "<group>"; };
		DD6E193A2935169300D23100 /* StringExtension.swift */ = {isa = PBXFileReference; lastKnownFileType = sourcecode.swift; path = StringExtension.swift; sourceTree = "<group>"; };
		DD6E193C2935172800D23100 /* cs */ = {isa = PBXFileReference; lastKnownFileType = text.plist.strings; name = cs; path = cs.lproj/Main.strings; sourceTree = "<group>"; };
		DD6E193D2935172800D23100 /* cs */ = {isa = PBXFileReference; lastKnownFileType = text.plist.strings; name = cs; path = cs.lproj/LaunchScreen.strings; sourceTree = "<group>"; };
		DD6E193E2935172800D23100 /* cs */ = {isa = PBXFileReference; lastKnownFileType = text.plist.strings; name = cs; path = cs.lproj/Localizable.strings; sourceTree = "<group>"; };
		DD6E19402935182500D23100 /* Model.xcdatamodel */ = {isa = PBXFileReference; lastKnownFileType = wrapper.xcdatamodel; path = Model.xcdatamodel; sourceTree = "<group>"; };
		DD6E1942293518EE00D23100 /* CoreDataHelper.swift */ = {isa = PBXFileReference; lastKnownFileType = sourcecode.swift; path = CoreDataHelper.swift; sourceTree = "<group>"; };
		DD6E19442935190700D23100 /* Constants.swift */ = {isa = PBXFileReference; lastKnownFileType = sourcecode.swift; path = Constants.swift; sourceTree = "<group>"; };
		DD6E19462935506800D23100 /* MainViewControllerPresenterTests.swift */ = {isa = PBXFileReference; lastKnownFileType = sourcecode.swift; path = MainViewControllerPresenterTests.swift; sourceTree = "<group>"; };
		DD6E19482935568500D23100 /* MainViewControllerTests.swift */ = {isa = PBXFileReference; lastKnownFileType = sourcecode.swift; path = MainViewControllerTests.swift; sourceTree = "<group>"; };
		DD6E194A29355CAD00D23100 /* MainTableViewCellTests.swift */ = {isa = PBXFileReference; lastKnownFileType = sourcecode.swift; path = MainTableViewCellTests.swift; sourceTree = "<group>"; };
		DDFC5E1329340B7400F4B8D3 /* MainTableViewCell.swift */ = {isa = PBXFileReference; lastKnownFileType = sourcecode.swift; path = MainTableViewCell.swift; sourceTree = "<group>"; };
		DDFC5E152934253B00F4B8D3 /* UIImageViewExtension.swift */ = {isa = PBXFileReference; lastKnownFileType = sourcecode.swift; path = UIImageViewExtension.swift; sourceTree = "<group>"; };
/* End PBXFileReference section */

/* Begin PBXFrameworksBuildPhase section */
		DD0D44F12933D7C200F24C6D /* Frameworks */ = {
			isa = PBXFrameworksBuildPhase;
			buildActionMask = 2147483647;
			files = (
			);
			runOnlyForDeploymentPostprocessing = 0;
		};
		DD0D45072933D7C400F24C6D /* Frameworks */ = {
			isa = PBXFrameworksBuildPhase;
			buildActionMask = 2147483647;
			files = (
			);
			runOnlyForDeploymentPostprocessing = 0;
		};
/* End PBXFrameworksBuildPhase section */

/* Begin PBXGroup section */
		DD0D44EB2933D7C200F24C6D = {
			isa = PBXGroup;
			children = (
				DD0D44F62933D7C200F24C6D /* restaurant-list */,
				DD0D452B2933D89D00F24C6D /* Model */,
				DD0D45332933FEA600F24C6D /* WebServices */,
				DD0D45362934017400F24C6D /* Utilities */,
				DD6E19312935162000D23100 /* Localization */,
				DD0D450D2933D7C400F24C6D /* restaurant-listTests */,
				DD0D45172933D7C400F24C6D /* restaurant-listUITests */,
				DD0D44F52933D7C200F24C6D /* Products */,
			);
			sourceTree = "<group>";
		};
		DD0D44F52933D7C200F24C6D /* Products */ = {
			isa = PBXGroup;
			children = (
				DD0D44F42933D7C200F24C6D /* restaurant-list.app */,
				DD0D450A2933D7C400F24C6D /* restaurant-listTests.xctest */,
			);
			name = Products;
			sourceTree = "<group>";
		};
		DD0D44F62933D7C200F24C6D /* restaurant-list */ = {
			isa = PBXGroup;
			children = (
				DD0D44F72933D7C200F24C6D /* AppDelegate.swift */,
				DD0D44F92933D7C200F24C6D /* SceneDelegate.swift */,
				DD0D45052933D7C400F24C6D /* Info.plist */,
				DD6E193F2935182500D23100 /* Model.xcdatamodeld */,
				DD0D45272933D83F00F24C6D /* Assets */,
				DD0D45282933D85600F24C6D /* Storyboards & nibs */,
				DD0D45292933D87100F24C6D /* ViewControllers */,
			);
			path = "restaurant-list";
			sourceTree = "<group>";
		};
		DD0D450D2933D7C400F24C6D /* restaurant-listTests */ = {
			isa = PBXGroup;
			children = (
				DD0D450E2933D7C400F24C6D /* restaurant_listTests.swift */,
			);
			path = "restaurant-listTests";
			sourceTree = "<group>";
		};
		DD0D45172933D7C400F24C6D /* restaurant-listUITests */ = {
			isa = PBXGroup;
			children = (
				DD6E19482935568500D23100 /* MainViewControllerTests.swift */,
				DD6E19462935506800D23100 /* MainViewControllerPresenterTests.swift */,
				DD6E194A29355CAD00D23100 /* MainTableViewCellTests.swift */,
			);
			path = "restaurant-listUITests";
			sourceTree = "<group>";
		};
		DD0D45272933D83F00F24C6D /* Assets */ = {
			isa = PBXGroup;
			children = (
				DD0D45002933D7C400F24C6D /* Assets.xcassets */,
			);
			path = Assets;
			sourceTree = "<group>";
		};
		DD0D45282933D85600F24C6D /* Storyboards & nibs */ = {
			isa = PBXGroup;
			children = (
				DD0D44FD2933D7C200F24C6D /* Main.storyboard */,
				DD0D45022933D7C400F24C6D /* LaunchScreen.storyboard */,
			);
			path = "Storyboards & nibs";
			sourceTree = "<group>";
		};
		DD0D45292933D87100F24C6D /* ViewControllers */ = {
			isa = PBXGroup;
			children = (
				DD0D452F2933F9B600F24C6D /* MainNavigationViewController.swift */,
				DD0D45312933FAAF00F24C6D /* MainViewControllerPresenter.swift */,
				DD0D44FB2933D7C200F24C6D /* MainViewController.swift */,
				DD0D452A2933D88700F24C6D /* Cells */,
			);
			path = ViewControllers;
			sourceTree = "<group>";
		};
		DD0D452A2933D88700F24C6D /* Cells */ = {
			isa = PBXGroup;
			children = (
				DDFC5E1329340B7400F4B8D3 /* MainTableViewCell.swift */,
			);
			path = Cells;
			sourceTree = "<group>";
		};
		DD0D452B2933D89D00F24C6D /* Model */ = {
			isa = PBXGroup;
			children = (
				DD0D452D2933D8F300F24C6D /* Restaurant.swift */,
			);
			path = Model;
			sourceTree = "<group>";
		};
		DD0D45332933FEA600F24C6D /* WebServices */ = {
			isa = PBXGroup;
			children = (
				DD0D45342933FEC400F24C6D /* WebServices.swift */,
			);
			path = WebServices;
			sourceTree = "<group>";
		};
		DD0D45362934017400F24C6D /* Utilities */ = {
			isa = PBXGroup;
			children = (
				DD0D45372934018100F24C6D /* Identificable.swift */,
				DD6E1942293518EE00D23100 /* CoreDataHelper.swift */,
				DD6E19442935190700D23100 /* Constants.swift */,
				DDFC5E152934253B00F4B8D3 /* UIImageViewExtension.swift */,
				DD6E193A2935169300D23100 /* StringExtension.swift */,
			);
			path = Utilities;
			sourceTree = "<group>";
		};
		DD6E19312935162000D23100 /* Localization */ = {
			isa = PBXGroup;
			children = (
				DD6E19362935163800D23100 /* Localizable.strings */,
			);
			path = Localization;
			sourceTree = "<group>";
		};
/* End PBXGroup section */

/* Begin PBXNativeTarget section */
		DD0D44F32933D7C200F24C6D /* restaurant-list */ = {
			isa = PBXNativeTarget;
			buildConfigurationList = DD0D451E2933D7C400F24C6D /* Build configuration list for PBXNativeTarget "restaurant-list" */;
			buildPhases = (
				DD0D44F02933D7C200F24C6D /* Sources */,
				DD0D44F12933D7C200F24C6D /* Frameworks */,
				DD0D44F22933D7C200F24C6D /* Resources */,
			);
			buildRules = (
			);
			dependencies = (
			);
			name = "restaurant-list";
			productName = "restaurant-list";
			productReference = DD0D44F42933D7C200F24C6D /* restaurant-list.app */;
			productType = "com.apple.product-type.application";
		};
		DD0D45092933D7C400F24C6D /* restaurant-listTests */ = {
			isa = PBXNativeTarget;
			buildConfigurationList = DD0D45212933D7C400F24C6D /* Build configuration list for PBXNativeTarget "restaurant-listTests" */;
			buildPhases = (
				DD0D45062933D7C400F24C6D /* Sources */,
				DD0D45072933D7C400F24C6D /* Frameworks */,
				DD0D45082933D7C400F24C6D /* Resources */,
			);
			buildRules = (
			);
			dependencies = (
				DD0D450C2933D7C400F24C6D /* PBXTargetDependency */,
			);
			name = "restaurant-listTests";
			productName = "restaurant-listTests";
			productReference = DD0D450A2933D7C400F24C6D /* restaurant-listTests.xctest */;
			productType = "com.apple.product-type.bundle.unit-test";
		};
/* End PBXNativeTarget section */

/* Begin PBXProject section */
		DD0D44EC2933D7C200F24C6D /* Project object */ = {
			isa = PBXProject;
			attributes = {
				BuildIndependentTargetsInParallel = 1;
				LastSwiftUpdateCheck = 1400;
				LastUpgradeCheck = 1400;
				TargetAttributes = {
					DD0D44F32933D7C200F24C6D = {
						CreatedOnToolsVersion = 14.0.1;
					};
					DD0D45092933D7C400F24C6D = {
						CreatedOnToolsVersion = 14.0.1;
						TestTargetID = DD0D44F32933D7C200F24C6D;
					};
				};
			};
			buildConfigurationList = DD0D44EF2933D7C200F24C6D /* Build configuration list for PBXProject "restaurant-list" */;
			compatibilityVersion = "Xcode 14.0";
			developmentRegion = en;
			hasScannedForEncodings = 0;
			knownRegions = (
				en,
				Base,
				es,
				cs,
			);
			mainGroup = DD0D44EB2933D7C200F24C6D;
			productRefGroup = DD0D44F52933D7C200F24C6D /* Products */;
			projectDirPath = "";
			projectRoot = "";
			targets = (
				DD0D44F32933D7C200F24C6D /* restaurant-list */,
				DD0D45092933D7C400F24C6D /* restaurant-listTests */,
			);
		};
/* End PBXProject section */

/* Begin PBXResourcesBuildPhase section */
		DD0D44F22933D7C200F24C6D /* Resources */ = {
			isa = PBXResourcesBuildPhase;
			buildActionMask = 2147483647;
			files = (
				DD0D45042933D7C400F24C6D /* LaunchScreen.storyboard in Resources */,
				DD6E19342935163800D23100 /* Localizable.strings in Resources */,
				DD0D45012933D7C400F24C6D /* Assets.xcassets in Resources */,
				DD0D44FF2933D7C200F24C6D /* Main.storyboard in Resources */,
			);
			runOnlyForDeploymentPostprocessing = 0;
		};
		DD0D45082933D7C400F24C6D /* Resources */ = {
			isa = PBXResourcesBuildPhase;
			buildActionMask = 2147483647;
			files = (
			);
			runOnlyForDeploymentPostprocessing = 0;
		};
/* End PBXResourcesBuildPhase section */

/* Begin PBXSourcesBuildPhase section */
		DD0D44F02933D7C200F24C6D /* Sources */ = {
			isa = PBXSourcesBuildPhase;
			buildActionMask = 2147483647;
			files = (
				DDFC5E162934253B00F4B8D3 /* UIImageViewExtension.swift in Sources */,
				DD0D45302933F9B600F24C6D /* MainNavigationViewController.swift in Sources */,
				DDFC5E1429340B7400F4B8D3 /* MainTableViewCell.swift in Sources */,
				DD0D45382934018200F24C6D /* Identificable.swift in Sources */,
				DD0D452E2933D8F300F24C6D /* Restaurant.swift in Sources */,
				DD0D45352933FEC400F24C6D /* WebServices.swift in Sources */,
				DD0D45322933FAAF00F24C6D /* MainViewControllerPresenter.swift in Sources */,
				DD0D44FC2933D7C200F24C6D /* MainViewController.swift in Sources */,
				DD6E1943293518EE00D23100 /* CoreDataHelper.swift in Sources */,
				DD0D44F82933D7C200F24C6D /* AppDelegate.swift in Sources */,
				DD6E193B2935169300D23100 /* StringExtension.swift in Sources */,
				DD6E19452935190700D23100 /* Constants.swift in Sources */,
				DD0D44FA2933D7C200F24C6D /* SceneDelegate.swift in Sources */,
				DD6E19412935182500D23100 /* Model.xcdatamodeld in Sources */,
			);
			runOnlyForDeploymentPostprocessing = 0;
		};
		DD0D45062933D7C400F24C6D /* Sources */ = {
			isa = PBXSourcesBuildPhase;
			buildActionMask = 2147483647;
			files = (
				DD6E19472935506800D23100 /* MainViewControllerPresenterTests.swift in Sources */,
				DD0D450F2933D7C400F24C6D /* restaurant_listTests.swift in Sources */,
				DD6E194B29355CAD00D23100 /* MainTableViewCellTests.swift in Sources */,
				DD6E19492935568500D23100 /* MainViewControllerTests.swift in Sources */,
			);
			runOnlyForDeploymentPostprocessing = 0;
		};
/* End PBXSourcesBuildPhase section */

/* Begin PBXTargetDependency section */
		DD0D450C2933D7C400F24C6D /* PBXTargetDependency */ = {
			isa = PBXTargetDependency;
			target = DD0D44F32933D7C200F24C6D /* restaurant-list */;
			targetProxy = DD0D450B2933D7C400F24C6D /* PBXContainerItemProxy */;
		};
/* End PBXTargetDependency section */

/* Begin PBXVariantGroup section */
		DD0D44FD2933D7C200F24C6D /* Main.storyboard */ = {
			isa = PBXVariantGroup;
			children = (
				DD0D44FE2933D7C200F24C6D /* Base */,
				DD6E19372935164A00D23100 /* es */,
				DD6E193C2935172800D23100 /* cs */,
			);
			name = Main.storyboard;
			sourceTree = "<group>";
		};
		DD0D45022933D7C400F24C6D /* LaunchScreen.storyboard */ = {
			isa = PBXVariantGroup;
			children = (
				DD0D45032933D7C400F24C6D /* Base */,
				DD6E19382935164A00D23100 /* es */,
				DD6E193D2935172800D23100 /* cs */,
			);
			name = LaunchScreen.storyboard;
			sourceTree = "<group>";
		};
		DD6E19362935163800D23100 /* Localizable.strings */ = {
			isa = PBXVariantGroup;
			children = (
				DD6E19352935163800D23100 /* en */,
				DD6E19392935164A00D23100 /* es */,
				DD6E193E2935172800D23100 /* cs */,
			);
			name = Localizable.strings;
			sourceTree = "<group>";
		};
/* End PBXVariantGroup section */

/* Begin XCBuildConfiguration section */
		DD0D451C2933D7C400F24C6D /* Debug */ = {
			isa = XCBuildConfiguration;
			buildSettings = {
				ALWAYS_SEARCH_USER_PATHS = NO;
				CLANG_ANALYZER_LOCALIZABILITY_NONLOCALIZED = YES;
				CLANG_ANALYZER_NONNULL = YES;
				CLANG_ANALYZER_NUMBER_OBJECT_CONVERSION = YES_AGGRESSIVE;
				CLANG_CXX_LANGUAGE_STANDARD = "gnu++20";
				CLANG_ENABLE_MODULES = YES;
				CLANG_ENABLE_OBJC_ARC = YES;
				CLANG_ENABLE_OBJC_WEAK = YES;
				CLANG_WARN_BLOCK_CAPTURE_AUTORELEASING = YES;
				CLANG_WARN_BOOL_CONVERSION = YES;
				CLANG_WARN_COMMA = YES;
				CLANG_WARN_CONSTANT_CONVERSION = YES;
				CLANG_WARN_DEPRECATED_OBJC_IMPLEMENTATIONS = YES;
				CLANG_WARN_DIRECT_OBJC_ISA_USAGE = YES_ERROR;
				CLANG_WARN_DOCUMENTATION_COMMENTS = YES;
				CLANG_WARN_EMPTY_BODY = YES;
				CLANG_WARN_ENUM_CONVERSION = YES;
				CLANG_WARN_INFINITE_RECURSION = YES;
				CLANG_WARN_INT_CONVERSION = YES;
				CLANG_WARN_NON_LITERAL_NULL_CONVERSION = YES;
				CLANG_WARN_OBJC_IMPLICIT_RETAIN_SELF = YES;
				CLANG_WARN_OBJC_LITERAL_CONVERSION = YES;
				CLANG_WARN_OBJC_ROOT_CLASS = YES_ERROR;
				CLANG_WARN_QUOTED_INCLUDE_IN_FRAMEWORK_HEADER = YES;
				CLANG_WARN_RANGE_LOOP_ANALYSIS = YES;
				CLANG_WARN_STRICT_PROTOTYPES = YES;
				CLANG_WARN_SUSPICIOUS_MOVE = YES;
				CLANG_WARN_UNGUARDED_AVAILABILITY = YES_AGGRESSIVE;
				CLANG_WARN_UNREACHABLE_CODE = YES;
				CLANG_WARN__DUPLICATE_METHOD_MATCH = YES;
				COPY_PHASE_STRIP = NO;
				DEBUG_INFORMATION_FORMAT = dwarf;
				ENABLE_STRICT_OBJC_MSGSEND = YES;
				ENABLE_TESTABILITY = YES;
				GCC_C_LANGUAGE_STANDARD = gnu11;
				GCC_DYNAMIC_NO_PIC = NO;
				GCC_NO_COMMON_BLOCKS = YES;
				GCC_OPTIMIZATION_LEVEL = 0;
				GCC_PREPROCESSOR_DEFINITIONS = (
					"DEBUG=1",
					"$(inherited)",
				);
				GCC_WARN_64_TO_32_BIT_CONVERSION = YES;
				GCC_WARN_ABOUT_RETURN_TYPE = YES_ERROR;
				GCC_WARN_UNDECLARED_SELECTOR = YES;
				GCC_WARN_UNINITIALIZED_AUTOS = YES_AGGRESSIVE;
				GCC_WARN_UNUSED_FUNCTION = YES;
				GCC_WARN_UNUSED_VARIABLE = YES;
				IPHONEOS_DEPLOYMENT_TARGET = 13.0;
				MTL_ENABLE_DEBUG_INFO = INCLUDE_SOURCE;
				MTL_FAST_MATH = YES;
				ONLY_ACTIVE_ARCH = YES;
				SDKROOT = iphoneos;
				SWIFT_ACTIVE_COMPILATION_CONDITIONS = DEBUG;
				SWIFT_OPTIMIZATION_LEVEL = "-Onone";
			};
			name = Debug;
		};
		DD0D451D2933D7C400F24C6D /* Release */ = {
			isa = XCBuildConfiguration;
			buildSettings = {
				ALWAYS_SEARCH_USER_PATHS = NO;
				CLANG_ANALYZER_LOCALIZABILITY_NONLOCALIZED = YES;
				CLANG_ANALYZER_NONNULL = YES;
				CLANG_ANALYZER_NUMBER_OBJECT_CONVERSION = YES_AGGRESSIVE;
				CLANG_CXX_LANGUAGE_STANDARD = "gnu++20";
				CLANG_ENABLE_MODULES = YES;
				CLANG_ENABLE_OBJC_ARC = YES;
				CLANG_ENABLE_OBJC_WEAK = YES;
				CLANG_WARN_BLOCK_CAPTURE_AUTORELEASING = YES;
				CLANG_WARN_BOOL_CONVERSION = YES;
				CLANG_WARN_COMMA = YES;
				CLANG_WARN_CONSTANT_CONVERSION = YES;
				CLANG_WARN_DEPRECATED_OBJC_IMPLEMENTATIONS = YES;
				CLANG_WARN_DIRECT_OBJC_ISA_USAGE = YES_ERROR;
				CLANG_WARN_DOCUMENTATION_COMMENTS = YES;
				CLANG_WARN_EMPTY_BODY = YES;
				CLANG_WARN_ENUM_CONVERSION = YES;
				CLANG_WARN_INFINITE_RECURSION = YES;
				CLANG_WARN_INT_CONVERSION = YES;
				CLANG_WARN_NON_LITERAL_NULL_CONVERSION = YES;
				CLANG_WARN_OBJC_IMPLICIT_RETAIN_SELF = YES;
				CLANG_WARN_OBJC_LITERAL_CONVERSION = YES;
				CLANG_WARN_OBJC_ROOT_CLASS = YES_ERROR;
				CLANG_WARN_QUOTED_INCLUDE_IN_FRAMEWORK_HEADER = YES;
				CLANG_WARN_RANGE_LOOP_ANALYSIS = YES;
				CLANG_WARN_STRICT_PROTOTYPES = YES;
				CLANG_WARN_SUSPICIOUS_MOVE = YES;
				CLANG_WARN_UNGUARDED_AVAILABILITY = YES_AGGRESSIVE;
				CLANG_WARN_UNREACHABLE_CODE = YES;
				CLANG_WARN__DUPLICATE_METHOD_MATCH = YES;
				COPY_PHASE_STRIP = NO;
				DEBUG_INFORMATION_FORMAT = "dwarf-with-dsym";
				ENABLE_NS_ASSERTIONS = NO;
				ENABLE_STRICT_OBJC_MSGSEND = YES;
				GCC_C_LANGUAGE_STANDARD = gnu11;
				GCC_NO_COMMON_BLOCKS = YES;
				GCC_WARN_64_TO_32_BIT_CONVERSION = YES;
				GCC_WARN_ABOUT_RETURN_TYPE = YES_ERROR;
				GCC_WARN_UNDECLARED_SELECTOR = YES;
				GCC_WARN_UNINITIALIZED_AUTOS = YES_AGGRESSIVE;
				GCC_WARN_UNUSED_FUNCTION = YES;
				GCC_WARN_UNUSED_VARIABLE = YES;
				IPHONEOS_DEPLOYMENT_TARGET = 13.0;
				MTL_ENABLE_DEBUG_INFO = NO;
				MTL_FAST_MATH = YES;
				SDKROOT = iphoneos;
				SWIFT_COMPILATION_MODE = wholemodule;
				SWIFT_OPTIMIZATION_LEVEL = "-O";
				VALIDATE_PRODUCT = YES;
			};
			name = Release;
		};
		DD0D451F2933D7C400F24C6D /* Debug */ = {
			isa = XCBuildConfiguration;
			buildSettings = {
				ASSETCATALOG_COMPILER_APPICON_NAME = AppIcon;
				ASSETCATALOG_COMPILER_GLOBAL_ACCENT_COLOR_NAME = AccentColor;
				CODE_SIGN_STYLE = Automatic;
				CURRENT_PROJECT_VERSION = 1;
				DEVELOPMENT_TEAM = 363T9DTZQA;
				GENERATE_INFOPLIST_FILE = YES;
				INFOPLIST_FILE = "restaurant-list/Info.plist";
				INFOPLIST_KEY_UIApplicationSupportsIndirectInputEvents = YES;
				INFOPLIST_KEY_UILaunchStoryboardName = LaunchScreen;
				INFOPLIST_KEY_UIMainStoryboardFile = Main;
				INFOPLIST_KEY_UISupportedInterfaceOrientations = UIInterfaceOrientationPortrait;
				IPHONEOS_DEPLOYMENT_TARGET = 13.0;
				LD_RUNPATH_SEARCH_PATHS = (
					"$(inherited)",
					"@executable_path/Frameworks",
				);
				MARKETING_VERSION = 1.0;
				PRODUCT_BUNDLE_IDENTIFIER = "restaurant.list-ios.restaurant-list";
				PRODUCT_NAME = "$(TARGET_NAME)";
				SUPPORTED_PLATFORMS = "iphoneos iphonesimulator";
				SUPPORTS_MACCATALYST = NO;
				SUPPORTS_MAC_DESIGNED_FOR_IPHONE_IPAD = NO;
				SWIFT_EMIT_LOC_STRINGS = YES;
				SWIFT_VERSION = 5.0;
				TARGETED_DEVICE_FAMILY = 1;
			};
			name = Debug;
		};
		DD0D45202933D7C400F24C6D /* Release */ = {
			isa = XCBuildConfiguration;
			buildSettings = {
				ASSETCATALOG_COMPILER_APPICON_NAME = AppIcon;
				ASSETCATALOG_COMPILER_GLOBAL_ACCENT_COLOR_NAME = AccentColor;
				CODE_SIGN_STYLE = Automatic;
				CURRENT_PROJECT_VERSION = 1;
				DEVELOPMENT_TEAM = 363T9DTZQA;
				GENERATE_INFOPLIST_FILE = YES;
				INFOPLIST_FILE = "restaurant-list/Info.plist";
				INFOPLIST_KEY_UIApplicationSupportsIndirectInputEvents = YES;
				INFOPLIST_KEY_UILaunchStoryboardName = LaunchScreen;
				INFOPLIST_KEY_UIMainStoryboardFile = Main;
				INFOPLIST_KEY_UISupportedInterfaceOrientations = UIInterfaceOrientationPortrait;
				IPHONEOS_DEPLOYMENT_TARGET = 13.0;
				LD_RUNPATH_SEARCH_PATHS = (
					"$(inherited)",
					"@executable_path/Frameworks",
				);
				MARKETING_VERSION = 1.0;
				PRODUCT_BUNDLE_IDENTIFIER = "restaurant.list-ios.restaurant-list";
				PRODUCT_NAME = "$(TARGET_NAME)";
				SUPPORTED_PLATFORMS = "iphoneos iphonesimulator";
				SUPPORTS_MACCATALYST = NO;
				SUPPORTS_MAC_DESIGNED_FOR_IPHONE_IPAD = NO;
				SWIFT_EMIT_LOC_STRINGS = YES;
				SWIFT_VERSION = 5.0;
				TARGETED_DEVICE_FAMILY = 1;
			};
			name = Release;
		};
		DD0D45222933D7C400F24C6D /* Debug */ = {
			isa = XCBuildConfiguration;
			buildSettings = {
				ALWAYS_EMBED_SWIFT_STANDARD_LIBRARIES = YES;
				BUNDLE_LOADER = "$(TEST_HOST)";
				CODE_SIGN_STYLE = Automatic;
				CURRENT_PROJECT_VERSION = 1;
				DEVELOPMENT_TEAM = 363T9DTZQA;
				GENERATE_INFOPLIST_FILE = YES;
				IPHONEOS_DEPLOYMENT_TARGET = 13.0;
				MARKETING_VERSION = 1.0;
				PRODUCT_BUNDLE_IDENTIFIER = "restaurant.list-ios.restaurant-listTests";
				PRODUCT_NAME = "$(TARGET_NAME)";
				SUPPORTED_PLATFORMS = "iphoneos iphonesimulator";
				SUPPORTS_MACCATALYST = NO;
				SUPPORTS_MAC_DESIGNED_FOR_IPHONE_IPAD = NO;
				SWIFT_EMIT_LOC_STRINGS = NO;
				SWIFT_VERSION = 5.0;
				TARGETED_DEVICE_FAMILY = 1;
				TEST_HOST = "$(BUILT_PRODUCTS_DIR)/restaurant-list.app/$(BUNDLE_EXECUTABLE_FOLDER_PATH)/restaurant-list";
			};
			name = Debug;
		};
		DD0D45232933D7C400F24C6D /* Release */ = {
			isa = XCBuildConfiguration;
			buildSettings = {
				ALWAYS_EMBED_SWIFT_STANDARD_LIBRARIES = YES;
				BUNDLE_LOADER = "$(TEST_HOST)";
				CODE_SIGN_STYLE = Automatic;
				CURRENT_PROJECT_VERSION = 1;
				DEVELOPMENT_TEAM = 363T9DTZQA;
				GENERATE_INFOPLIST_FILE = YES;
				IPHONEOS_DEPLOYMENT_TARGET = 13.0;
				MARKETING_VERSION = 1.0;
				PRODUCT_BUNDLE_IDENTIFIER = "restaurant.list-ios.restaurant-listTests";
				PRODUCT_NAME = "$(TARGET_NAME)";
				SUPPORTED_PLATFORMS = "iphoneos iphonesimulator";
				SUPPORTS_MACCATALYST = NO;
				SUPPORTS_MAC_DESIGNED_FOR_IPHONE_IPAD = NO;
				SWIFT_EMIT_LOC_STRINGS = NO;
				SWIFT_VERSION = 5.0;
				TARGETED_DEVICE_FAMILY = 1;
				TEST_HOST = "$(BUILT_PRODUCTS_DIR)/restaurant-list.app/$(BUNDLE_EXECUTABLE_FOLDER_PATH)/restaurant-list";
			};
			name = Release;
		};
/* End XCBuildConfiguration section */

/* Begin XCConfigurationList section */
		DD0D44EF2933D7C200F24C6D /* Build configuration list for PBXProject "restaurant-list" */ = {
			isa = XCConfigurationList;
			buildConfigurations = (
				DD0D451C2933D7C400F24C6D /* Debug */,
				DD0D451D2933D7C400F24C6D /* Release */,
			);
			defaultConfigurationIsVisible = 0;
			defaultConfigurationName = Release;
		};
		DD0D451E2933D7C400F24C6D /* Build configuration list for PBXNativeTarget "restaurant-list" */ = {
			isa = XCConfigurationList;
			buildConfigurations = (
				DD0D451F2933D7C400F24C6D /* Debug */,
				DD0D45202933D7C400F24C6D /* Release */,
			);
			defaultConfigurationIsVisible = 0;
			defaultConfigurationName = Release;
		};
		DD0D45212933D7C400F24C6D /* Build configuration list for PBXNativeTarget "restaurant-listTests" */ = {
			isa = XCConfigurationList;
			buildConfigurations = (
				DD0D45222933D7C400F24C6D /* Debug */,
				DD0D45232933D7C400F24C6D /* Release */,
			);
			defaultConfigurationIsVisible = 0;
			defaultConfigurationName = Release;
		};
/* End XCConfigurationList section */

/* Begin XCVersionGroup section */
		DD6E193F2935182500D23100 /* Model.xcdatamodeld */ = {
			isa = XCVersionGroup;
			children = (
				DD6E19402935182500D23100 /* Model.xcdatamodel */,
			);
			currentVersion = DD6E19402935182500D23100 /* Model.xcdatamodel */;
			path = Model.xcdatamodeld;
			sourceTree = "<group>";
			versionGroupType = wrapper.xcdatamodel;
		};
/* End XCVersionGroup section */
	};
	rootObject = DD0D44EC2933D7C200F24C6D /* Project object */;
}
